
Microsoft Visual Studio Solution File, Format Version 12.00
# Visual Studio Version 17
VisualStudioVersion = 17.4.33110.190
MinimumVisualStudioVersion = 10.0.40219.1
Project("{FAE04EC0-301F-11D3-BF4B-00C04F79EFBC}") = "ChapterAPI", "ChapterAPI\ChapterAPI.csproj", "{9B56A8E2-31EE-4796-BE75-0339AAB07AD0}"
EndProject
Global
	GlobalSection(SolutionConfigurationPlatforms) = preSolution
		Debug|Any CPU = Debug|Any CPU
		Release|Any CPU = Release|Any CPU
	EndGlobalSection
	GlobalSection(ProjectConfigurationPlatforms) = postSolution
		{9B56A8E2-31EE-4796-BE75-0339AAB07AD0}.Debug|Any CPU.ActiveCfg = Debug|Any CPU
		{9B56A8E2-31EE-4796-BE75-0339AAB07AD0}.Debug|Any CPU.Build.0 = Debug|Any CPU
		{9B56A8E2-31EE-4796-BE75-0339AAB07AD0}.Release|Any CPU.ActiveCfg = Release|Any CPU
		{9B56A8E2-31EE-4796-BE75-0339AAB07AD0}.Release|Any CPU.Build.0 = Release|Any CPU
	EndGlobalSection
	GlobalSection(SolutionProperties) = preSolution
		HideSolutionNode = FALSE
	EndGlobalSection
	GlobalSection(ExtensibilityGlobals) = postSolution
		SolutionGuid = {F3C6D0DF-B2CA-4B2A-A800-CAA335E9533E}
	EndGlobalSection
EndGlobal
